github.com/avct/uasurfer v0.0.0-20191028135549-26b5daa857f1 h1:9h8f71kuF1pqovnn9h7LTHLEjxzyQaj0j1rQq5nsMM4=
github.com/avct/uasurfer v0.0.0-20191028135549-26b5daa857f1/go.mod h1:noBAuukeYOXa0aXGqxr24tADqkwDO2KRD15FsuaZ5a8=
github.com/davecgh/go-spew v1.1.0/go.mod h1:J7Y8YcW2NihsgmVo/mv3lAwl/skON4iLHjSsI+c5H38=
github.com/elliotchance/orderedmap v1.4.0 h1:wZtfeEONCbx6in1CZyE6bELEt/vFayMvsxqI5SgsR+A=
github.com/elliotchance/orderedmap v1.4.0/go.mod h1:wsDwEaX5jEoyhbs7x93zk2H/qv0zwuhg4inXhDkYqys=
github.com/go-sql-driver/mysql v1.5.0 h1:ozyZYNQW3x3HtqT1jira07DN2PArx2v7/mN66gGcHOs=
github.com/go-sql-driver/mysql v1.5.0/go.mod h1:DCzpHaOWr8IXmIStZouvnhqoel9Qv2LBy8hT2VhHyBg=
github.com/mateors/mcb v0.0.0-20201207015423-f79fcbf435d1 h1:zpCf4N5P9JsGzT4jvY3TCzlmf2GCjBaLD6k35meiFyM=
github.com/mateors/mcb v0.0.0-20201207015423-f79fcbf435d1/go.mod h1:kGE/EYSBPALc3ZDyLFwqcDey3kIlU4/4H1BYjc6IrZs=
github.com/mateors/money v0.0.0-20200823090156-43894c563246 h1:iQt1CuKUUO3cSs5yJXRBYNIvO/azMXoQh1qfan6KkM4=
github.com/mateors/money v0.0.0-20200823090156-43894c563246/go.mod h1:CSGzDsfDsD5vwmFBCm57fTzRvzKAQRth4fqH8NvorP0=
github.com/mateors/mtool v0.0.0-20201108041646-15a7a25c244e h1:hFqgHgGjAtxKqxU3OuMfQd194gbMVKIF7F68taWKoOk=
github.com/mateors/mtool v0.0.0-20201108041646-15a7a25c244e/go.mod h1:j4/8kYxo+HuzkarEO77wUVJ8w9qamRy9JToiGu3uvvQ=
github.com/pmezard/go-difflib v1.0.0/go.mod h1:iKH77koFhYxTK1pcRnkKkqfTogsbg7gZNVY4sRDYZ/4=
github.com/satori/go.uuid v1.2.0 h1:0uYX9dsZ2yD7q2RtLRtPSdGDWzjeM3TbMJP9utgA0ww=
github.com/satori/go.uuid v1.2.0/go.mod h1:dA0hQrYB0VpLJoorglMZABFdXlWrHn1NEOzdhQKdks0=
github.com/stretchr/objx v0.1.0/go.mod h1:HFkY916IF+rwdDfMAkV7OtwuqBVzrE8GR6GFx+wExME=
github.com/stretchr/testify v1.7.0/go.mod h1:6Fq8oRcR53rry900zMqJjRRixrwX3KX962/h/Wwjteg=
golang.org/x/crypto v0.0.0-20210314154223-e6e6c4f2bb5b h1:wSOdpTq0/eI46Ez/LkDwIsAKA71YP2SRKBODiRWM0as=
golang.org/x/crypto v0.0.0-20210314154223-e6e6c4f2bb5b/go.mod h1:T9bdIzuCu7OtxOm1hfPfRQxPLYneinmdGuTeoZ9dtd4=
golang.org/x/net v0.0.0-20210226172049-e18ecbb05110/go.mod h1:m0MpNAwzfU5UDzcl9v0D8zg8gWTRqZa9RBIspLL5mdg=
golang.org/x/sys v0.0.0-20201119102817-f84b799fce68/go.mod h1:h1NjWce9XRLGQEsW7wpKNCjG9DtNlClVuFLEZdDNbEs=
golang.org/x/term v0.0.0-20201126162022-7de9c90e9dd1/go.mod h1:bj7SfCRtBDWHUb9snDiAeCFNEtKQo2Wmx5Cou7ajbmo=
golang.org/x/text v0.3.3/go.mod h1:5Zoc/QRtKVWzQhOtBMvqHzDpF6irO9z98xDceosuGiQ=
golang.org/x/tools v0.0.0-20180917221912-90fa682c2a6e/go.mod h1:n7NCudcB/nEzxVGmLbDWY5pfWTLqBcC2KZ6jyYvM4mQ=
gopkg.in/check.v1 v0.0.0-20161208181325-20d25e280405/go.mod h1:Co6ibVJAznAaIkqp8huTwlJQCZ016jof/cbN4VW5Yz0=
gopkg.in/yaml.v3 v3.0.0-20200313102051-9f266ea9e77c/go.mod h1:K4uyk7z7BCEPqu6E+C64Yfv1cQ7kz7rIZviUmN+EgEM=
